// !$*UTF8*$!
{
	archiveVersion = 1;
	classes = {
	};
	objectVersion = 48;
	objects = {

/* Begin PBXBuildFile section */
		7E5347F12088679B0078EECA /* AppDelegate.swift in Sources */ = {isa = PBXBuildFile; fileRef = 7E5347F02088679B0078EECA /* AppDelegate.swift */; };
		7E5347F32088679B0078EECA /* ViewController.swift in Sources */ = {isa = PBXBuildFile; fileRef = 7E5347F22088679B0078EECA /* ViewController.swift */; };
		7E5347F62088679B0078EECA /* Main.storyboard in Resources */ = {isa = PBXBuildFile; fileRef = 7E5347F42088679B0078EECA /* Main.storyboard */; };
		7E5347F82088679B0078EECA /* Assets.xcassets in Resources */ = {isa = PBXBuildFile; fileRef = 7E5347F72088679B0078EECA /* Assets.xcassets */; };
		7E5347FB2088679B0078EECA /* LaunchScreen.storyboard in Resources */ = {isa = PBXBuildFile; fileRef = 7E5347F92088679B0078EECA /* LaunchScreen.storyboard */; };
		7E534804208868430078EECA /* CollectionViewNestedTableViewCell.swift in Sources */ = {isa = PBXBuildFile; fileRef = 7E534802208868430078EECA /* CollectionViewNestedTableViewCell.swift */; };
		7E534805208868430078EECA /* CollectionViewNestedTableViewCell.xib in Resources */ = {isa = PBXBuildFile; fileRef = 7E534803208868430078EECA /* CollectionViewNestedTableViewCell.xib */; };
		7E53480820886B480078EECA /* ImageCollectionViewCell.swift in Sources */ = {isa = PBXBuildFile; fileRef = 7E53480620886B480078EECA /* ImageCollectionViewCell.swift */; };
		7E53480920886B480078EECA /* ImageCollectionViewCell.xib in Resources */ = {isa = PBXBuildFile; fileRef = 7E53480720886B480078EECA /* ImageCollectionViewCell.xib */; };
/* End PBXBuildFile section */

/* Begin PBXFileReference section */
		7E5347ED2088679B0078EECA /* CollectionNestedTableViewPractice.app */ = {isa = PBXFileReference; explicitFileType = wrapper.application; includeInIndex = 0; path = CollectionNestedTableViewPractice.app; sourceTree = BUILT_PRODUCTS_DIR; };
		7E5347F02088679B0078EECA /* AppDelegate.swift */ = {isa = PBXFileReference; lastKnownFileType = sourcecode.swift; path = AppDelegate.swift; sourceTree = "<group>"; };
		7E5347F22088679B0078EECA /* ViewController.swift */ = {isa = PBXFileReference; lastKnownFileType = sourcecode.swift; path = ViewController.swift; sourceTree = "<group>"; };
		7E5347F52088679B0078EECA /* Base */ = {isa = PBXFileReference; lastKnownFileType = file.storyboard; name = Base; path = Base.lproj/Main.storyboard; sourceTree = "<group>"; };
		7E5347F72088679B0078EECA /* Assets.xcassets */ = {isa = PBXFileReference; lastKnownFileType = folder.assetcatalog; path = Assets.xcassets; sourceTree = "<group>"; };
		7E5347FA2088679B0078EECA /* Base */ = {isa = PBXFileReference; lastKnownFileType = file.storyboard; name = Base; path = Base.lproj/LaunchScreen.storyboard; sourceTree = "<group>"; };
		7E5347FC2088679B0078EECA /* Info.plist */ = {isa = PBXFileReference; lastKnownFileType = text.plist.xml; path = Info.plist; sourceTree = "<group>"; };
		7E534802208868430078EECA /* CollectionViewNestedTableViewCell.swift */ = {isa = PBXFileReference; lastKnownFileType = sourcecode.swift; path = CollectionViewNestedTableViewCell.swift; sourceTree = "<group>"; };
		7E534803208868430078EECA /* CollectionViewNestedTableViewCell.xib */ = {isa = PBXFileReference; lastKnownFileType = file.xib; path = CollectionViewNestedTableViewCell.xib; sourceTree = "<group>"; };
		7E53480620886B480078EECA /* ImageCollectionViewCell.swift */ = {isa = PBXFileReference; lastKnownFileType = sourcecode.swift; path = ImageCollectionViewCell.swift; sourceTree = "<group>"; };
		7E53480720886B480078EECA /* ImageCollectionViewCell.xib */ = {isa = PBXFileReference; lastKnownFileType = file.xib; path = ImageCollectionViewCell.xib; sourceTree = "<group>"; };
/* End PBXFileReference section */

/* Begin PBXFrameworksBuildPhase section */
		7E5347EA2088679B0078EECA /* Frameworks */ = {
			isa = PBXFrameworksBuildPhase;
			buildActionMask = 2147483647;
			files = (
			);
			runOnlyForDeploymentPostprocessing = 0;
		};
/* End PBXFrameworksBuildPhase section */

/* Begin PBXGroup section */
		7E5347E42088679B0078EECA = {
			isa = PBXGroup;
			children = (
				7E5347EF2088679B0078EECA /* CollectionNestedTableViewPractice */,
				7E5347EE2088679B0078EECA /* Products */,
			);
			sourceTree = "<group>";
		};
		7E5347EE2088679B0078EECA /* Products */ = {
			isa = PBXGroup;
			children = (
				7E5347ED2088679B0078EECA /* CollectionNestedTableViewPractice.app */,
			);
			name = Products;
			sourceTree = "<group>";
		};
		7E5347EF2088679B0078EECA /* CollectionNestedTableViewPractice */ = {
			isa = PBXGroup;
			children = (
				7E5347F02088679B0078EECA /* AppDelegate.swift */,
				7E5347F22088679B0078EECA /* ViewController.swift */,
				7E5347F42088679B0078EECA /* Main.storyboard */,
				7E5347F72088679B0078EECA /* Assets.xcassets */,
				7E5347F92088679B0078EECA /* LaunchScreen.storyboard */,
				7E5347FC2088679B0078EECA /* Info.plist */,
				7E534802208868430078EECA /* CollectionViewNestedTableViewCell.swift */,
				7E534803208868430078EECA /* CollectionViewNestedTableViewCell.xib */,
				7E53480620886B480078EECA /* ImageCollectionViewCell.swift */,
				7E53480720886B480078EECA /* ImageCollectionViewCell.xib */,
			);
			path = CollectionNestedTableViewPractice;
			sourceTree = "<group>";
		};
/* End PBXGroup section */

/* Begin PBXNativeTarget section */
		7E5347EC2088679B0078EECA /* CollectionNestedTableViewPractice */ = {
			isa = PBXNativeTarget;
			buildConfigurationList = 7E5347FF2088679B0078EECA /* Build configuration list for PBXNativeTarget "CollectionNestedTableViewPractice" */;
			buildPhases = (
				7E5347E92088679B0078EECA /* Sources */,
				7E5347EA2088679B0078EECA /* Frameworks */,
				7E5347EB2088679B0078EECA /* Resources */,
			);
			buildRules = (
			);
			dependencies = (
			);
			name = CollectionNestedTableViewPractice;
			productName = CollectionNestedTableViewPractice;
			productReference = 7E5347ED2088679B0078EECA /* CollectionNestedTableViewPractice.app */;
			productType = "com.apple.product-type.application";
		};
/* End PBXNativeTarget section */

/* Begin PBXProject section */
		7E5347E52088679B0078EECA /* Project object */ = {
			isa = PBXProject;
			attributes = {
				LastSwiftUpdateCheck = 0920;
				LastUpgradeCheck = 0920;
				ORGANIZATIONNAME = Hanyu;
				TargetAttributes = {
					7E5347EC2088679B0078EECA = {
						CreatedOnToolsVersion = 9.2;
						ProvisioningStyle = Automatic;
					};
				};
			};
			buildConfigurationList = 7E5347E82088679B0078EECA /* Build configuration list for PBXProject "CollectionNestedTableViewPractice" */;
			compatibilityVersion = "Xcode 8.0";
			developmentRegion = en;
			hasScannedForEncodings = 0;
			knownRegions = (
				en,
				Base,
			);
			mainGroup = 7E5347E42088679B0078EECA;
			productRefGroup = 7E5347EE2088679B0078EECA /* Products */;
			projectDirPath = "";
			projectRoot = "";
			targets = (
				7E5347EC2088679B0078EECA /* CollectionNestedTableViewPractice */,
			);
		};
/* End PBXProject section */

/* Begin PBXResourcesBuildPhase section */
		7E5347EB2088679B0078EECA /* Resources */ = {
			isa = PBXResourcesBuildPhase;
			buildActionMask = 2147483647;
			files = (
				7E5347FB2088679B0078EECA /* LaunchScreen.storyboard in Resources */,
				7E5347F82088679B0078EECA /* Assets.xcassets in Resources */,
				7E5347F62088679B0078EECA /* Main.storyboard in Resources */,
				7E534805208868430078EECA /* CollectionViewNestedTableViewCell.xib in Resources */,
				7E53480920886B480078EECA /* ImageCollectionViewCell.xib in Resources */,
			);
			runOnlyForDeploymentPostprocessing = 0;
		};
/* End PBXResourcesBuildPhase section */

/* Begin PBXSourcesBuildPhase section */
		7E5347E92088679B0078EECA /* Sources */ = {
			isa = PBXSourcesBuildPhase;
			buildActionMask = 2147483647;
			files = (
				7E534804208868430078EECA /* CollectionViewNestedTableViewCell.swift in Sources */,
				7E5347F32088679B0078EECA /* ViewController.swift in Sources */,
				7E53480820886B480078EECA /* ImageCollectionViewCell.swift in Sources */,
				7E5347F12088679B0078EECA /* AppDelegate.swift in Sources */,
			);
			runOnlyForDeploymentPostprocessing = 0;
		};
/* End PBXSourcesBuildPhase section */

/* Begin PBXVariantGroup section */
		7E5347F42088679B0078EECA /* Main.storyboard */ = {
			isa = PBXVariantGroup;
			children = (
				7E5347F52088679B0078EECA /* Base */,
			);
			name = Main.storyboard;
			sourceTree = "<group>";
		};
		7E5347F92088679B0078EECA /* LaunchScreen.storyboard */ = {
			isa = PBXVariantGroup;
			children = (
				7E5347FA2088679B0078EECA /* Base */,
			);
			name = LaunchScreen.storyboard;
			sourceTree = "<group>";
		};
/* End PBXVariantGroup section */

/* Begin XCBuildConfiguration section */
		7E5347FD2088679B0078EECA /* Debug */ = {
			isa = XCBuildConfiguration;
			buildSettings = {
				ALWAYS_SEARCH_USER_PATHS = NO;
				CLANG_ANALYZER_NONNULL = YES;
				CLANG_ANALYZER_NUMBER_OBJECT_CONVERSION = YES_AGGRESSIVE;
				CLANG_CXX_LANGUAGE_STANDARD = "gnu++14";
				CLANG_CXX_LIBRARY = "libc++";
				CLANG_ENABLE_MODULES = YES;
				CLANG_ENABLE_OBJC_ARC = YES;
				CLANG_WARN_BLOCK_CAPTURE_AUTORELEASING = YES;
				CLANG_WARN_BOOL_CONVERSION = YES;
				CLANG_WARN_COMMA = YES;
				CLANG_WARN_CONSTANT_CONVERSION = YES;
				CLANG_WARN_DIRECT_OBJC_ISA_USAGE = YES_ERROR;
				CLANG_WARN_DOCUMENTATION_COMMENTS = YES;
				CLANG_WARN_EMPTY_BODY = YES;
				CLANG_WARN_ENUM_CONVERSION = YES;
				CLANG_WARN_INFINITE_RECURSION = YES;
				CLANG_WARN_INT_CONVERSION = YES;
				CLANG_WARN_NON_LITERAL_NULL_CONVERSION = YES;
				CLANG_WARN_OBJC_LITERAL_CONVERSION = YES;
				CLANG_WARN_OBJC_ROOT_CLASS = YES_ERROR;
				CLANG_WARN_RANGE_LOOP_ANALYSIS = YES;
				CLANG_WARN_STRICT_PROTOTYPES = YES;
				CLANG_WARN_SUSPICIOUS_MOVE = YES;
				CLANG_WARN_UNGUARDED_AVAILABILITY = YES_AGGRESSIVE;
				CLANG_WARN_UNREACHABLE_CODE = YES;
				CLANG_WARN__DUPLICATE_METHOD_MATCH = YES;
				CODE_SIGN_IDENTITY = "iPhone Developer";
				COPY_PHASE_STRIP = NO;
				DEBUG_INFORMATION_FORMAT = dwarf;
				ENABLE_STRICT_OBJC_MSGSEND = YES;
				ENABLE_TESTABILITY = YES;
				GCC_C_LANGUAGE_STANDARD = gnu11;
				GCC_DYNAMIC_NO_PIC = NO;
				GCC_NO_COMMON_BLOCKS = YES;
				GCC_OPTIMIZATION_LEVEL = 0;
				GCC_PREPROCESSOR_DEFINITIONS = (
					"DEBUG=1",
					"$(inherited)",
				);
				GCC_WARN_64_TO_32_BIT_CONVERSION = YES;
				GCC_WARN_ABOUT_RETURN_TYPE = YES_ERROR;
				GCC_WARN_UNDECLARED_SELECTOR = YES;
				GCC_WARN_UNINITIALIZED_AUTOS = YES_AGGRESSIVE;
				GCC_WARN_UNUSED_FUNCTION = YES;
				GCC_WARN_UNUSED_VARIABLE = YES;
				IPHONEOS_DEPLOYMENT_TARGET = 11.2;
				MTL_ENABLE_DEBUG_INFO = YES;
				ONLY_ACTIVE_ARCH = YES;
				SDKROOT = iphoneos;
				SWIFT_ACTIVE_COMPILATION_CONDITIONS = DEBUG;
				SWIFT_OPTIMIZATION_LEVEL = "-Onone";
			};
			name = Debug;
		};
		7E5347FE2088679B0078EECA /* Release */ = {
			isa = XCBuildConfiguration;
			buildSettings = {
				ALWAYS_SEARCH_USER_PATHS = NO;
				CLANG_ANALYZER_NONNULL = YES;
				CLANG_ANALYZER_NUMBER_OBJECT_CONVERSION = YES_AGGRESSIVE;
				CLANG_CXX_LANGUAGE_STANDARD = "gnu++14";
				CLANG_CXX_LIBRARY = "libc++";
				CLANG_ENABLE_MODULES = YES;
				CLANG_ENABLE_OBJC_ARC = YES;
				CLANG_WARN_BLOCK_CAPTURE_AUTORELEASING = YES;
				CLANG_WARN_BOOL_CONVERSION = YES;
				CLANG_WARN_COMMA = YES;
				CLANG_WARN_CONSTANT_CONVERSION = YES;
				CLANG_WARN_DIRECT_OBJC_ISA_USAGE = YES_ERROR;
				CLANG_WARN_DOCUMENTATION_COMMENTS = YES;
				CLANG_WARN_EMPTY_BODY = YES;
				CLANG_WARN_ENUM_CONVERSION = YES;
				CLANG_WARN_INFINITE_RECURSION = YES;
				CLANG_WARN_INT_CONVERSION = YES;
				CLANG_WARN_NON_LITERAL_NULL_CONVERSION = YES;
				CLANG_WARN_OBJC_LITERAL_CONVERSION = YES;
				CLANG_WARN_OBJC_ROOT_CLASS = YES_ERROR;
				CLANG_WARN_RANGE_LOOP_ANALYSIS = YES;
				CLANG_WARN_STRICT_PROTOTYPES = YES;
				CLANG_WARN_SUSPICIOUS_MOVE = YES;
				CLANG_WARN_UNGUARDED_AVAILABILITY = YES_AGGRESSIVE;
				CLANG_WARN_UNREACHABLE_CODE = YES;
				CLANG_WARN__DUPLICATE_METHOD_MATCH = YES;
				CODE_SIGN_IDENTITY = "iPhone Developer";
				COPY_PHASE_STRIP = NO;
				DEBUG_INFORMATION_FORMAT = "dwarf-with-dsym";
				ENABLE_NS_ASSERTIONS = NO;
				ENABLE_STRICT_OBJC_MSGSEND = YES;
				GCC_C_LANGUAGE_STANDARD = gnu11;
				GCC_NO_COMMON_BLOCKS = YES;
				GCC_WARN_64_TO_32_BIT_CONVERSION = YES;
				GCC_WARN_ABOUT_RETURN_TYPE = YES_ERROR;
				GCC_WARN_UNDECLARED_SELECTOR = YES;
				GCC_WARN_UNINITIALIZED_AUTOS = YES_AGGRESSIVE;
				GCC_WARN_UNUSED_FUNCTION = YES;
				GCC_WARN_UNUSED_VARIABLE = YES;
				IPHONEOS_DEPLOYMENT_TARGET = 11.2;
				MTL_ENABLE_DEBUG_INFO = NO;
				SDKROOT = iphoneos;
				SWIFT_OPTIMIZATION_LEVEL = "-Owholemodule";
				VALIDATE_PRODUCT = YES;
			};
			name = Release;
		};
		7E5348002088679B0078EECA /* Debug */ = {
			isa = XCBuildConfiguration;
			buildSettings = {
				ASSETCATALOG_COMPILER_APPICON_NAME = AppIcon;
				CODE_SIGN_STYLE = Automatic;
				DEVELOPMENT_TEAM = 9LB9NKBAM6;
				INFOPLIST_FILE = CollectionNestedTableViewPractice/Info.plist;
				IPHONEOS_DEPLOYMENT_TARGET = 10.0;
				LD_RUNPATH_SEARCH_PATHS = "$(inherited) @executable_path/Frameworks";
				PRODUCT_BUNDLE_IDENTIFIER = Brocas.CollectionNestedTableViewPractice;
				PRODUCT_NAME = "$(TARGET_NAME)";
				SWIFT_VERSION = 4.0;
				TARGETED_DEVICE_FAMILY = "1,2";
			};
			name = Debug;
		};
		7E5348012088679B0078EECA /* Release */ = {
			isa = XCBuildConfiguration;
			buildSettings = {
				ASSETCATALOG_COMPILER_APPICON_NAME = AppIcon;
				CODE_SIGN_STYLE = Automatic;
				DEVELOPMENT_TEAM = 9LB9NKBAM6;
				INFOPLIST_FILE = CollectionNestedTableViewPractice/Info.plist;
				IPHONEOS_DEPLOYMENT_TARGET = 10.0;
				LD_RUNPATH_SEARCH_PATHS = "$(inherited) @executable_path/Frameworks";
				PRODUCT_BUNDLE_IDENTIFIER = Brocas.CollectionNestedTableViewPractice;
				PRODUCT_NAME = "$(TARGET_NAME)";
				SWIFT_VERSION = 4.0;
				TARGETED_DEVICE_FAMILY = "1,2";
			};
			name = Release;
		};
/* End XCBuildConfiguration section */

/* Begin XCConfigurationList section */
		7E5347E82088679B0078EECA /* Build configuration list for PBXProject "CollectionNestedTableViewPractice" */ = {
			isa = XCConfigurationList;
			buildConfigurations = (
				7E5347FD2088679B0078EECA /* Debug */,
				7E5347FE2088679B0078EECA /* Release */,
			);
			defaultConfigurationIsVisible = 0;
			defaultConfigurationName = Release;
		};
		7E5347FF2088679B0078EECA /* Build configuration list for PBXNativeTarget "CollectionNestedTableViewPractice" */ = {
			isa = XCConfigurationList;
			buildConfigurations = (
				7E5348002088679B0078EECA /* Debug */,
				7E5348012088679B0078EECA /* Release */,
			);
			defaultConfigurationIsVisible = 0;
			defaultConfigurationName = Release;
		};
/* End XCConfigurationList section */
	};
	rootObject = 7E5347E52088679B0078EECA /* Project object */;
}
